# This file is autogenerated, do not edit; changes may be undone by the next 'dep ensure'.


[[projects]]
  digest = "1:9e1d37b58d17113ec3cb5608ac0382313c5b59470b94ed97d0976e69c7022314"
  name = "github.com/pkg/errors"
  packages = ["."]
  pruneopts = "UT"
  revision = "614d223910a179a466c1767a985424175c39b465"
  version = "v0.9.1"

[[projects]]
  branch = "v2"
  digest = "1:7ab03183e317c1e8690edf7ac2476d8e3c98cfa237410ec637b050ad9fbc1bf6"
  name = "gopkg.in/tucnak/telebot.v2"
  packages = ["."]
  pruneopts = "UT"
  revision = "3458aeb2e7be22d99897da4ae9934bc25fa3b47f"

[solve-meta]
  analyzer-name = "dep"
  analyzer-version = 1
  input-imports = ["gopkg.in/tucnak/telebot.v2"]
  solver-name = "gps-cdcl"
  solver-version = 1
